
Microsoft Visual Studio Solution File, Format Version 12.00
# Visual Studio 15
VisualStudioVersion = 15.0.28307.572
MinimumVisualStudioVersion = 10.0.40219.1
Project("{FAE04EC0-301F-11D3-BF4B-00C04F79EFBC}") = "WebAppCursos", "WebAppCursos\WebAppCursos.csproj", "{BFD82292-5FCE-4BD1-8696-018317402B75}"
EndProject
Global
	GlobalSection(SolutionConfigurationPlatforms) = preSolution
		Debug|Any CPU = Debug|Any CPU
		Release|Any CPU = Release|Any CPU
	EndGlobalSection
	GlobalSection(ProjectConfigurationPlatforms) = postSolution
		{BFD82292-5FCE-4BD1-8696-018317402B75}.Debug|Any CPU.ActiveCfg = Debug|Any CPU
		{BFD82292-5FCE-4BD1-8696-018317402B75}.Debug|Any CPU.Build.0 = Debug|Any CPU
		{BFD82292-5FCE-4BD1-8696-018317402B75}.Release|Any CPU.ActiveCfg = Release|Any CPU
		{BFD82292-5FCE-4BD1-8696-018317402B75}.Release|Any CPU.Build.0 = Release|Any CPU
	EndGlobalSection
	GlobalSection(SolutionProperties) = preSolution
		HideSolutionNode = FALSE
	EndGlobalSection
	GlobalSection(ExtensibilityGlobals) = postSolution
		SolutionGuid = {B24C6AB1-A959-4429-8495-2510E5B83110}
	EndGlobalSection
EndGlobal
